<Solution>
  <Folder Name="/Solution Items/">
    <File Path=".editorconfig" />
    <File Path="Directory.Build.Props" />
  </Folder>
  <Folder Name="/src/">
    <Project Path="src/TraceTK/TraceTK.csproj" />
  </Folder>
  <Folder Name="/tests/">
    <Project Path="tests/TraceTK.Tests/TraceTK.Tests.csproj" />
  </Folder>
</Solution>
